// !$*UTF8*$!
{
	archiveVersion = 1;
	classes = {
	};
	objectVersion = 56;
	objects = {

/* Begin PBXBuildFile section */
		796E35B02B3AD08900EB8C02 /* AppDelegate.swift in Sources */ = {isa = PBXBuildFile; fileRef = 796E35AF2B3AD08900EB8C02 /* AppDelegate.swift */; };
		796E35B22B3AD08900EB8C02 /* SceneDelegate.swift in Sources */ = {isa = PBXBuildFile; fileRef = 796E35B12B3AD08900EB8C02 /* SceneDelegate.swift */; };
		796E35B42B3AD08900EB8C02 /* ViewController.swift in Sources */ = {isa = PBXBuildFile; fileRef = 796E35B32B3AD08900EB8C02 /* ViewController.swift */; };
		796E35B72B3AD08900EB8C02 /* Main.storyboard in Resources */ = {isa = PBXBuildFile; fileRef = 796E35B52B3AD08900EB8C02 /* Main.storyboard */; };
		796E35B92B3AD08A00EB8C02 /* Assets.xcassets in Resources */ = {isa = PBXBuildFile; fileRef = 796E35B82B3AD08A00EB8C02 /* Assets.xcassets */; };
		796E35BC2B3AD08A00EB8C02 /* LaunchScreen.storyboard in Resources */ = {isa = PBXBuildFile; fileRef = 796E35BA2B3AD08A00EB8C02 /* LaunchScreen.storyboard */; };
		796E35C82B3C1DF700EB8C02 /* HomeViewController.swift in Sources */ = {isa = PBXBuildFile; fileRef = 796E35C72B3C1DF700EB8C02 /* HomeViewController.swift */; };
		796E35CA2B3C1F1E00EB8C02 /* NewHotViewController.swift in Sources */ = {isa = PBXBuildFile; fileRef = 796E35C92B3C1F1E00EB8C02 /* NewHotViewController.swift */; };
		796E35D02B3C25C900EB8C02 /* SaveContentsViewController.swift in Sources */ = {isa = PBXBuildFile; fileRef = 796E35CF2B3C25C900EB8C02 /* SaveContentsViewController.swift */; };
		796E35D22B3C28D800EB8C02 /* SignUpViewController.swift in Sources */ = {isa = PBXBuildFile; fileRef = 796E35D12B3C28D800EB8C02 /* SignUpViewController.swift */; };
		79BF836C2B640D29006146A9 /* SnapKit in Frameworks */ = {isa = PBXBuildFile; productRef = 79BF836B2B640D29006146A9 /* SnapKit */; };
		79BF836E2B640D29006146A9 /* SnapKit-Dynamic in Frameworks */ = {isa = PBXBuildFile; productRef = 79BF836D2B640D29006146A9 /* SnapKit-Dynamic */; };
/* End PBXBuildFile section */

/* Begin PBXFileReference section */
		796E35AC2B3AD08900EB8C02 /* MissionNetflix.app */ = {isa = PBXFileReference; explicitFileType = wrapper.application; includeInIndex = 0; path = MissionNetflix.app; sourceTree = BUILT_PRODUCTS_DIR; };
		796E35AF2B3AD08900EB8C02 /* AppDelegate.swift */ = {isa = PBXFileReference; lastKnownFileType = sourcecode.swift; path = AppDelegate.swift; sourceTree = "<group>"; };
		796E35B12B3AD08900EB8C02 /* SceneDelegate.swift */ = {isa = PBXFileReference; lastKnownFileType = sourcecode.swift; path = SceneDelegate.swift; sourceTree = "<group>"; };
		796E35B32B3AD08900EB8C02 /* ViewController.swift */ = {isa = PBXFileReference; lastKnownFileType = sourcecode.swift; path = ViewController.swift; sourceTree = "<group>"; };
		796E35B62B3AD08900EB8C02 /* Base */ = {isa = PBXFileReference; lastKnownFileType = file.storyboard; name = Base; path = Base.lproj/Main.storyboard; sourceTree = "<group>"; };
		796E35B82B3AD08A00EB8C02 /* Assets.xcassets */ = {isa = PBXFileReference; lastKnownFileType = folder.assetcatalog; path = Assets.xcassets; sourceTree = "<group>"; };
		796E35BB2B3AD08A00EB8C02 /* Base */ = {isa = PBXFileReference; lastKnownFileType = file.storyboard; name = Base; path = Base.lproj/LaunchScreen.storyboard; sourceTree = "<group>"; };
		796E35BD2B3AD08A00EB8C02 /* Info.plist */ = {isa = PBXFileReference; lastKnownFileType = text.plist.xml; path = Info.plist; sourceTree = "<group>"; };
		796E35C72B3C1DF700EB8C02 /* HomeViewController.swift */ = {isa = PBXFileReference; lastKnownFileType = sourcecode.swift; path = HomeViewController.swift; sourceTree = "<group>"; };
		796E35C92B3C1F1E00EB8C02 /* NewHotViewController.swift */ = {isa = PBXFileReference; lastKnownFileType = sourcecode.swift; path = NewHotViewController.swift; sourceTree = "<group>"; };
		796E35CF2B3C25C900EB8C02 /* SaveContentsViewController.swift */ = {isa = PBXFileReference; lastKnownFileType = sourcecode.swift; path = SaveContentsViewController.swift; sourceTree = "<group>"; };
		796E35D12B3C28D800EB8C02 /* SignUpViewController.swift */ = {isa = PBXFileReference; lastKnownFileType = sourcecode.swift; path = SignUpViewController.swift; sourceTree = "<group>"; };
/* End PBXFileReference section */

/* Begin PBXFrameworksBuildPhase section */
		796E35A92B3AD08900EB8C02 /* Frameworks */ = {
			isa = PBXFrameworksBuildPhase;
			buildActionMask = 2147483647;
			files = (
				79BF836C2B640D29006146A9 /* SnapKit in Frameworks */,
				79BF836E2B640D29006146A9 /* SnapKit-Dynamic in Frameworks */,
			);
			runOnlyForDeploymentPostprocessing = 0;
		};
/* End PBXFrameworksBuildPhase section */

/* Begin PBXGroup section */
		796E35A32B3AD08800EB8C02 = {
			isa = PBXGroup;
			children = (
				796E35AE2B3AD08900EB8C02 /* MissionNetflix */,
				796E35AD2B3AD08900EB8C02 /* Products */,
			);
			sourceTree = "<group>";
		};
		796E35AD2B3AD08900EB8C02 /* Products */ = {
			isa = PBXGroup;
			children = (
				796E35AC2B3AD08900EB8C02 /* MissionNetflix.app */,
			);
			name = Products;
			sourceTree = "<group>";
		};
		796E35AE2B3AD08900EB8C02 /* MissionNetflix */ = {
			isa = PBXGroup;
			children = (
				796E35AF2B3AD08900EB8C02 /* AppDelegate.swift */,
				796E35B12B3AD08900EB8C02 /* SceneDelegate.swift */,
				796E35B32B3AD08900EB8C02 /* ViewController.swift */,
				796E35B52B3AD08900EB8C02 /* Main.storyboard */,
				796E35B82B3AD08A00EB8C02 /* Assets.xcassets */,
				796E35BA2B3AD08A00EB8C02 /* LaunchScreen.storyboard */,
				796E35BD2B3AD08A00EB8C02 /* Info.plist */,
				796E35C72B3C1DF700EB8C02 /* HomeViewController.swift */,
				796E35C92B3C1F1E00EB8C02 /* NewHotViewController.swift */,
				796E35CF2B3C25C900EB8C02 /* SaveContentsViewController.swift */,
				796E35D12B3C28D800EB8C02 /* SignUpViewController.swift */,
			);
			path = MissionNetflix;
			sourceTree = "<group>";
		};
/* End PBXGroup section */

/* Begin PBXNativeTarget section */
		796E35AB2B3AD08900EB8C02 /* MissionNetflix */ = {
			isa = PBXNativeTarget;
			buildConfigurationList = 796E35C02B3AD08A00EB8C02 /* Build configuration list for PBXNativeTarget "MissionNetflix" */;
			buildPhases = (
				796E35A82B3AD08900EB8C02 /* Sources */,
				796E35A92B3AD08900EB8C02 /* Frameworks */,
				796E35AA2B3AD08900EB8C02 /* Resources */,
			);
			buildRules = (
			);
			dependencies = (
			);
			name = MissionNetflix;
			packageProductDependencies = (
				79BF836B2B640D29006146A9 /* SnapKit */,
				79BF836D2B640D29006146A9 /* SnapKit-Dynamic */,
			);
			productName = MissionNetflix;
			productReference = 796E35AC2B3AD08900EB8C02 /* MissionNetflix.app */;
			productType = "com.apple.product-type.application";
		};
/* End PBXNativeTarget section */

/* Begin PBXProject section */
		796E35A42B3AD08800EB8C02 /* Project object */ = {
			isa = PBXProject;
			attributes = {
				BuildIndependentTargetsInParallel = 1;
				LastSwiftUpdateCheck = 1510;
				LastUpgradeCheck = 1510;
				TargetAttributes = {
					796E35AB2B3AD08900EB8C02 = {
						CreatedOnToolsVersion = 15.1;
					};
				};
			};
			buildConfigurationList = 796E35A72B3AD08800EB8C02 /* Build configuration list for PBXProject "MissionNetflix" */;
			compatibilityVersion = "Xcode 14.0";
			developmentRegion = en;
			hasScannedForEncodings = 0;
			knownRegions = (
				en,
				Base,
			);
			mainGroup = 796E35A32B3AD08800EB8C02;
			packageReferences = (
				79BF836A2B640D29006146A9 /* XCRemoteSwiftPackageReference "SnapKit" */,
			);
			productRefGroup = 796E35AD2B3AD08900EB8C02 /* Products */;
			projectDirPath = "";
			projectRoot = "";
			targets = (
				796E35AB2B3AD08900EB8C02 /* MissionNetflix */,
			);
		};
/* End PBXProject section */

/* Begin PBXResourcesBuildPhase section */
		796E35AA2B3AD08900EB8C02 /* Resources */ = {
			isa = PBXResourcesBuildPhase;
			buildActionMask = 2147483647;
			files = (
				796E35BC2B3AD08A00EB8C02 /* LaunchScreen.storyboard in Resources */,
				796E35B92B3AD08A00EB8C02 /* Assets.xcassets in Resources */,
				796E35B72B3AD08900EB8C02 /* Main.storyboard in Resources */,
			);
			runOnlyForDeploymentPostprocessing = 0;
		};
/* End PBXResourcesBuildPhase section */

/* Begin PBXSourcesBuildPhase section */
		796E35A82B3AD08900EB8C02 /* Sources */ = {
			isa = PBXSourcesBuildPhase;
			buildActionMask = 2147483647;
			files = (
				796E35B42B3AD08900EB8C02 /* ViewController.swift in Sources */,
				796E35D22B3C28D800EB8C02 /* SignUpViewController.swift in Sources */,
				796E35CA2B3C1F1E00EB8C02 /* NewHotViewController.swift in Sources */,
				796E35B02B3AD08900EB8C02 /* AppDelegate.swift in Sources */,
				796E35B22B3AD08900EB8C02 /* SceneDelegate.swift in Sources */,
				796E35D02B3C25C900EB8C02 /* SaveContentsViewController.swift in Sources */,
				796E35C82B3C1DF700EB8C02 /* HomeViewController.swift in Sources */,
			);
			runOnlyForDeploymentPostprocessing = 0;
		};
/* End PBXSourcesBuildPhase section */

/* Begin PBXVariantGroup section */
		796E35B52B3AD08900EB8C02 /* Main.storyboard */ = {
			isa = PBXVariantGroup;
			children = (
				796E35B62B3AD08900EB8C02 /* Base */,
			);
			name = Main.storyboard;
			sourceTree = "<group>";
		};
		796E35BA2B3AD08A00EB8C02 /* LaunchScreen.storyboard */ = {
			isa = PBXVariantGroup;
			children = (
				796E35BB2B3AD08A00EB8C02 /* Base */,
			);
			name = LaunchScreen.storyboard;
			sourceTree = "<group>";
		};
/* End PBXVariantGroup section */

/* Begin XCBuildConfiguration section */
		796E35BE2B3AD08A00EB8C02 /* Debug */ = {
			isa = XCBuildConfiguration;
			buildSettings = {
				ALWAYS_SEARCH_USER_PATHS = NO;
				ASSETCATALOG_COMPILER_GENERATE_SWIFT_ASSET_SYMBOL_EXTENSIONS = YES;
				CLANG_ANALYZER_NONNULL = YES;
				CLANG_ANALYZER_NUMBER_OBJECT_CONVERSION = YES_AGGRESSIVE;
				CLANG_CXX_LANGUAGE_STANDARD = "gnu++20";
				CLANG_ENABLE_MODULES = YES;
				CLANG_ENABLE_OBJC_ARC = YES;
				CLANG_ENABLE_OBJC_WEAK = YES;
				CLANG_WARN_BLOCK_CAPTURE_AUTORELEASING = YES;
				CLANG_WARN_BOOL_CONVERSION = YES;
				CLANG_WARN_COMMA = YES;
				CLANG_WARN_CONSTANT_CONVERSION = YES;
				CLANG_WARN_DEPRECATED_OBJC_IMPLEMENTATIONS = YES;
				CLANG_WARN_DIRECT_OBJC_ISA_USAGE = YES_ERROR;
				CLANG_WARN_DOCUMENTATION_COMMENTS = YES;
				CLANG_WARN_EMPTY_BODY = YES;
				CLANG_WARN_ENUM_CONVERSION = YES;
				CLANG_WARN_INFINITE_RECURSION = YES;
				CLANG_WARN_INT_CONVERSION = YES;
				CLANG_WARN_NON_LITERAL_NULL_CONVERSION = YES;
				CLANG_WARN_OBJC_IMPLICIT_RETAIN_SELF = YES;
				CLANG_WARN_OBJC_LITERAL_CONVERSION = YES;
				CLANG_WARN_OBJC_ROOT_CLASS = YES_ERROR;
				CLANG_WARN_QUOTED_INCLUDE_IN_FRAMEWORK_HEADER = YES;
				CLANG_WARN_RANGE_LOOP_ANALYSIS = YES;
				CLANG_WARN_STRICT_PROTOTYPES = YES;
				CLANG_WARN_SUSPICIOUS_MOVE = YES;
				CLANG_WARN_UNGUARDED_AVAILABILITY = YES_AGGRESSIVE;
				CLANG_WARN_UNREACHABLE_CODE = YES;
				CLANG_WARN__DUPLICATE_METHOD_MATCH = YES;
				COPY_PHASE_STRIP = NO;
				DEBUG_INFORMATION_FORMAT = dwarf;
				ENABLE_STRICT_OBJC_MSGSEND = YES;
				ENABLE_TESTABILITY = YES;
				ENABLE_USER_SCRIPT_SANDBOXING = YES;
				GCC_C_LANGUAGE_STANDARD = gnu17;
				GCC_DYNAMIC_NO_PIC = NO;
				GCC_NO_COMMON_BLOCKS = YES;
				GCC_OPTIMIZATION_LEVEL = 0;
				GCC_PREPROCESSOR_DEFINITIONS = (
					"DEBUG=1",
					"$(inherited)",
				);
				GCC_WARN_64_TO_32_BIT_CONVERSION = YES;
				GCC_WARN_ABOUT_RETURN_TYPE = YES_ERROR;
				GCC_WARN_UNDECLARED_SELECTOR = YES;
				GCC_WARN_UNINITIALIZED_AUTOS = YES_AGGRESSIVE;
				GCC_WARN_UNUSED_FUNCTION = YES;
				GCC_WARN_UNUSED_VARIABLE = YES;
				IPHONEOS_DEPLOYMENT_TARGET = 17.2;
				LOCALIZATION_PREFERS_STRING_CATALOGS = YES;
				MTL_ENABLE_DEBUG_INFO = INCLUDE_SOURCE;
				MTL_FAST_MATH = YES;
				ONLY_ACTIVE_ARCH = YES;
				SDKROOT = iphoneos;
				SWIFT_ACTIVE_COMPILATION_CONDITIONS = "DEBUG $(inherited)";
				SWIFT_OPTIMIZATION_LEVEL = "-Onone";
			};
			name = Debug;
		};
		796E35BF2B3AD08A00EB8C02 /* Release */ = {
			isa = XCBuildConfiguration;
			buildSettings = {
				ALWAYS_SEARCH_USER_PATHS = NO;
				ASSETCATALOG_COMPILER_GENERATE_SWIFT_ASSET_SYMBOL_EXTENSIONS = YES;
				CLANG_ANALYZER_NONNULL = YES;
				CLANG_ANALYZER_NUMBER_OBJECT_CONVERSION = YES_AGGRESSIVE;
				CLANG_CXX_LANGUAGE_STANDARD = "gnu++20";
				CLANG_ENABLE_MODULES = YES;
				CLANG_ENABLE_OBJC_ARC = YES;
				CLANG_ENABLE_OBJC_WEAK = YES;
				CLANG_WARN_BLOCK_CAPTURE_AUTORELEASING = YES;
				CLANG_WARN_BOOL_CONVERSION = YES;
				CLANG_WARN_COMMA = YES;
				CLANG_WARN_CONSTANT_CONVERSION = YES;
				CLANG_WARN_DEPRECATED_OBJC_IMPLEMENTATIONS = YES;
				CLANG_WARN_DIRECT_OBJC_ISA_USAGE = YES_ERROR;
				CLANG_WARN_DOCUMENTATION_COMMENTS = YES;
				CLANG_WARN_EMPTY_BODY = YES;
				CLANG_WARN_ENUM_CONVERSION = YES;
				CLANG_WARN_INFINITE_RECURSION = YES;
				CLANG_WARN_INT_CONVERSION = YES;
				CLANG_WARN_NON_LITERAL_NULL_CONVERSION = YES;
				CLANG_WARN_OBJC_IMPLICIT_RETAIN_SELF = YES;
				CLANG_WARN_OBJC_LITERAL_CONVERSION = YES;
				CLANG_WARN_OBJC_ROOT_CLASS = YES_ERROR;
				CLANG_WARN_QUOTED_INCLUDE_IN_FRAMEWORK_HEADER = YES;
				CLANG_WARN_RANGE_LOOP_ANALYSIS = YES;
				CLANG_WARN_STRICT_PROTOTYPES = YES;
				CLANG_WARN_SUSPICIOUS_MOVE = YES;
				CLANG_WARN_UNGUARDED_AVAILABILITY = YES_AGGRESSIVE;
				CLANG_WARN_UNREACHABLE_CODE = YES;
				CLANG_WARN__DUPLICATE_METHOD_MATCH = YES;
				COPY_PHASE_STRIP = NO;
				DEBUG_INFORMATION_FORMAT = "dwarf-with-dsym";
				ENABLE_NS_ASSERTIONS = NO;
				ENABLE_STRICT_OBJC_MSGSEND = YES;
				ENABLE_USER_SCRIPT_SANDBOXING = YES;
				GCC_C_LANGUAGE_STANDARD = gnu17;
				GCC_NO_COMMON_BLOCKS = YES;
				GCC_WARN_64_TO_32_BIT_CONVERSION = YES;
				GCC_WARN_ABOUT_RETURN_TYPE = YES_ERROR;
				GCC_WARN_UNDECLARED_SELECTOR = YES;
				GCC_WARN_UNINITIALIZED_AUTOS = YES_AGGRESSIVE;
				GCC_WARN_UNUSED_FUNCTION = YES;
				GCC_WARN_UNUSED_VARIABLE = YES;
				IPHONEOS_DEPLOYMENT_TARGET = 17.2;
				LOCALIZATION_PREFERS_STRING_CATALOGS = YES;
				MTL_ENABLE_DEBUG_INFO = NO;
				MTL_FAST_MATH = YES;
				SDKROOT = iphoneos;
				SWIFT_COMPILATION_MODE = wholemodule;
				VALIDATE_PRODUCT = YES;
			};
			name = Release;
		};
		796E35C12B3AD08A00EB8C02 /* Debug */ = {
			isa = XCBuildConfiguration;
			buildSettings = {
				ASSETCATALOG_COMPILER_APPICON_NAME = AppIcon;
				ASSETCATALOG_COMPILER_GLOBAL_ACCENT_COLOR_NAME = AccentColor;
				CODE_SIGN_STYLE = Automatic;
				CURRENT_PROJECT_VERSION = 1;
				GENERATE_INFOPLIST_FILE = YES;
				INFOPLIST_FILE = MissionNetflix/Info.plist;
				INFOPLIST_KEY_UIApplicationSupportsIndirectInputEvents = YES;
				INFOPLIST_KEY_UILaunchStoryboardName = LaunchScreen;
				INFOPLIST_KEY_UIMainStoryboardFile = Main;
				INFOPLIST_KEY_UISupportedInterfaceOrientations = UIInterfaceOrientationPortrait;
				INFOPLIST_KEY_UISupportedInterfaceOrientations_iPad = "UIInterfaceOrientationLandscapeLeft UIInterfaceOrientationLandscapeRight UIInterfaceOrientationPortrait UIInterfaceOrientationPortraitUpsideDown";
				IPHONEOS_DEPLOYMENT_TARGET = 17.2;
				LD_RUNPATH_SEARCH_PATHS = (
					"$(inherited)",
					"@executable_path/Frameworks",
				);
				MARKETING_VERSION = 1.0;
				PRODUCT_BUNDLE_IDENTIFIER = com.chasomin.MissionNetflix;
				PRODUCT_NAME = "$(TARGET_NAME)";
				SUPPORTED_PLATFORMS = "iphoneos iphonesimulator";
				SUPPORTS_MACCATALYST = NO;
				SUPPORTS_MAC_DESIGNED_FOR_IPHONE_IPAD = NO;
				SWIFT_EMIT_LOC_STRINGS = YES;
				SWIFT_VERSION = 5.0;
				TARGETED_DEVICE_FAMILY = 1;
			};
			name = Debug;
		};
		796E35C22B3AD08A00EB8C02 /* Release */ = {
			isa = XCBuildConfiguration;
			buildSettings = {
				ASSETCATALOG_COMPILER_APPICON_NAME = AppIcon;
				ASSETCATALOG_COMPILER_GLOBAL_ACCENT_COLOR_NAME = AccentColor;
				CODE_SIGN_STYLE = Automatic;
				CURRENT_PROJECT_VERSION = 1;
				GENERATE_INFOPLIST_FILE = YES;
				INFOPLIST_FILE = MissionNetflix/Info.plist;
				INFOPLIST_KEY_UIApplicationSupportsIndirectInputEvents = YES;
				INFOPLIST_KEY_UILaunchStoryboardName = LaunchScreen;
				INFOPLIST_KEY_UIMainStoryboardFile = Main;
				INFOPLIST_KEY_UISupportedInterfaceOrientations = UIInterfaceOrientationPortrait;
				INFOPLIST_KEY_UISupportedInterfaceOrientations_iPad = "UIInterfaceOrientationLandscapeLeft UIInterfaceOrientationLandscapeRight UIInterfaceOrientationPortrait UIInterfaceOrientationPortraitUpsideDown";
				IPHONEOS_DEPLOYMENT_TARGET = 17.2;
				LD_RUNPATH_SEARCH_PATHS = (
					"$(inherited)",
					"@executable_path/Frameworks",
				);
				MARKETING_VERSION = 1.0;
				PRODUCT_BUNDLE_IDENTIFIER = com.chasomin.MissionNetflix;
				PRODUCT_NAME = "$(TARGET_NAME)";
				SUPPORTED_PLATFORMS = "iphoneos iphonesimulator";
				SUPPORTS_MACCATALYST = NO;
				SUPPORTS_MAC_DESIGNED_FOR_IPHONE_IPAD = NO;
				SWIFT_EMIT_LOC_STRINGS = YES;
				SWIFT_VERSION = 5.0;
				TARGETED_DEVICE_FAMILY = 1;
			};
			name = Release;
		};
/* End XCBuildConfiguration section */

/* Begin XCConfigurationList section */
		796E35A72B3AD08800EB8C02 /* Build configuration list for PBXProject "MissionNetflix" */ = {
			isa = XCConfigurationList;
			buildConfigurations = (
				796E35BE2B3AD08A00EB8C02 /* Debug */,
				796E35BF2B3AD08A00EB8C02 /* Release */,
			);
			defaultConfigurationIsVisible = 0;
			defaultConfigurationName = Release;
		};
		796E35C02B3AD08A00EB8C02 /* Build configuration list for PBXNativeTarget "MissionNetflix" */ = {
			isa = XCConfigurationList;
			buildConfigurations = (
				796E35C12B3AD08A00EB8C02 /* Debug */,
				796E35C22B3AD08A00EB8C02 /* Release */,
			);
			defaultConfigurationIsVisible = 0;
			defaultConfigurationName = Release;
		};
/* End XCConfigurationList section */

/* Begin XCRemoteSwiftPackageReference section */
		79BF836A2B640D29006146A9 /* XCRemoteSwiftPackageReference "SnapKit" */ = {
			isa = XCRemoteSwiftPackageReference;
			repositoryURL = "https://github.com/SnapKit/SnapKit";
			requirement = {
				kind = upToNextMajorVersion;
				minimumVersion = 5.7.0;
			};
		};
/* End XCRemoteSwiftPackageReference section */

/* Begin XCSwiftPackageProductDependency section */
		79BF836B2B640D29006146A9 /* SnapKit */ = {
			isa = XCSwiftPackageProductDependency;
			package = 79BF836A2B640D29006146A9 /* XCRemoteSwiftPackageReference "SnapKit" */;
			productName = SnapKit;
		};
		79BF836D2B640D29006146A9 /* SnapKit-Dynamic */ = {
			isa = XCSwiftPackageProductDependency;
			package = 79BF836A2B640D29006146A9 /* XCRemoteSwiftPackageReference "SnapKit" */;
			productName = "SnapKit-Dynamic";
		};
/* End XCSwiftPackageProductDependency section */
	};
	rootObject = 796E35A42B3AD08800EB8C02 /* Project object */;
}
